
Microsoft Visual Studio Solution File, Format Version 12.00
# Visual Studio Version 16
VisualStudioVersion = 16.0.29025.244
MinimumVisualStudioVersion = 10.0.40219.1
Project("{FAE04EC0-301F-11D3-BF4B-00C04F79EFBC}") = "MongoDbExample.WebSite", "MongoDbExample.WebSite\MongoDbExample.WebSite.csproj", "{E473064E-848C-49D9-8BB4-971946CBEA4B}"
EndProject
Project("{FAE04EC0-301F-11D3-BF4B-00C04F79EFBC}") = "MongoDbExample.Business", "MongoDbExample.Business\MongoDbExample.Business.csproj", "{4C00523A-E43E-4025-9D4A-886BAE97F01D}"
EndProject
Global
	GlobalSection(SolutionConfigurationPlatforms) = preSolution
		Debug|Any CPU = Debug|Any CPU
		Release|Any CPU = Release|Any CPU
	EndGlobalSection
	GlobalSection(ProjectConfigurationPlatforms) = postSolution
		{E473064E-848C-49D9-8BB4-971946CBEA4B}.Debug|Any CPU.ActiveCfg = Debug|Any CPU
		{E473064E-848C-49D9-8BB4-971946CBEA4B}.Debug|Any CPU.Build.0 = Debug|Any CPU
		{E473064E-848C-49D9-8BB4-971946CBEA4B}.Release|Any CPU.ActiveCfg = Release|Any CPU
		{E473064E-848C-49D9-8BB4-971946CBEA4B}.Release|Any CPU.Build.0 = Release|Any CPU
		{4C00523A-E43E-4025-9D4A-886BAE97F01D}.Debug|Any CPU.ActiveCfg = Debug|Any CPU
		{4C00523A-E43E-4025-9D4A-886BAE97F01D}.Debug|Any CPU.Build.0 = Debug|Any CPU
		{4C00523A-E43E-4025-9D4A-886BAE97F01D}.Release|Any CPU.ActiveCfg = Release|Any CPU
		{4C00523A-E43E-4025-9D4A-886BAE97F01D}.Release|Any CPU.Build.0 = Release|Any CPU
	EndGlobalSection
	GlobalSection(SolutionProperties) = preSolution
		HideSolutionNode = FALSE
	EndGlobalSection
	GlobalSection(ExtensibilityGlobals) = postSolution
		SolutionGuid = {698EA427-17A9-4621-AA82-77EB9CD0B8B9}
	EndGlobalSection
EndGlobal
